Microsoft Visual Studio Solution File, Format Version 12.00
# Visual Studio Version 17
VisualStudioVersion = 17.13.35931.197
MinimumVisualStudioVersion = 10.0.40219.1
Project("{FAE04EC0-301F-11D3-BF4B-00C04F79EFBC}") = "BlazorTopNavBar", "BlazorTopNavBar\BlazorTopNavBar.csproj", "{D506F970-E9F1-4C5A-929A-2D94BFCDD0E5}"
EndProject
Global
	GlobalSection(SolutionConfigurationPlatforms) = preSolution
		Debug|Any CPU = Debug|Any CPU
		Release|Any CPU = Release|Any CPU
	EndGlobalSection
	GlobalSection(ProjectConfigurationPlatforms) = postSolution
		{D506F970-E9F1-4C5A-929A-2D94BFCDD0E5}.Debug|Any CPU.ActiveCfg = Debug|Any CPU
		{D506F970-E9F1-4C5A-929A-2D94BFCDD0E5}.Debug|Any CPU.Build.0 = Debug|Any CPU
		{D506F970-E9F1-4C5A-929A-2D94BFCDD0E5}.Release|Any CPU.ActiveCfg = Release|Any CPU
		{D506F970-E9F1-4C5A-929A-2D94BFCDD0E5}.Release|Any CPU.Build.0 = Release|Any CPU
	EndGlobalSection
	GlobalSection(SolutionProperties) = preSolution
		HideSolutionNode = FALSE
	EndGlobalSection
	GlobalSection(ExtensibilityGlobals) = postSolution
		SolutionGuid = {6F7E43EF-8BB8-4B2B-974C-AEC9FD3FF4B5}
	EndGlobalSection
EndGlobal
